
Microsoft Visual Studio Solution File, Format Version 12.00
# Visual Studio 15
VisualStudioVersion = 15.0.27130.2020
MinimumVisualStudioVersion = 10.0.40219.1
Project("{FAE04EC0-301F-11D3-BF4B-00C04F79EFBC}") = "ITI.JsonParser", "ITI.JsonParser\ITI.JsonParser.csproj", "{87A97EAF-7DC5-45CA-8355-19917E52D580}"
EndProject
Project("{FAE04EC0-301F-11D3-BF4B-00C04F79EFBC}") = "ITI.JsonParser.Tests", "ITI.JsonParser.Tests\ITI.JsonParser.Tests.csproj", "{3E949CEF-762A-4E37-94E5-A68F0D9EBD90}"
EndProject
Global
	GlobalSection(SolutionConfigurationPlatforms) = preSolution
		Debug|Any CPU = Debug|Any CPU
		Release|Any CPU = Release|Any CPU
	EndGlobalSection
	GlobalSection(ProjectConfigurationPlatforms) = postSolution
		{87A97EAF-7DC5-45CA-8355-19917E52D580}.Debug|Any CPU.ActiveCfg = Debug|Any CPU
		{87A97EAF-7DC5-45CA-8355-19917E52D580}.Debug|Any CPU.Build.0 = Debug|Any CPU
		{87A97EAF-7DC5-45CA-8355-19917E52D580}.Release|Any CPU.ActiveCfg = Release|Any CPU
		{87A97EAF-7DC5-45CA-8355-19917E52D580}.Release|Any CPU.Build.0 = Release|Any CPU
		{3E949CEF-762A-4E37-94E5-A68F0D9EBD90}.Debug|Any CPU.ActiveCfg = Debug|Any CPU
		{3E949CEF-762A-4E37-94E5-A68F0D9EBD90}.Debug|Any CPU.Build.0 = Debug|Any CPU
		{3E949CEF-762A-4E37-94E5-A68F0D9EBD90}.Release|Any CPU.ActiveCfg = Release|Any CPU
		{3E949CEF-762A-4E37-94E5-A68F0D9EBD90}.Release|Any CPU.Build.0 = Release|Any CPU
	EndGlobalSection
	GlobalSection(SolutionProperties) = preSolution
		HideSolutionNode = FALSE
	EndGlobalSection
	GlobalSection(ExtensibilityGlobals) = postSolution
		SolutionGuid = {320774FE-F726-4EDE-97DA-44923631C3C9}
	EndGlobalSection
EndGlobal
